// !$*UTF8*$!
{
	archiveVersion = 1;
	classes = {
	};
	objectVersion = 50;
	objects = {

/* Begin PBXBuildFile section */
		04913CD524DAC670006F84EE /* AppDelegate.swift in Sources */ = {isa = PBXBuildFile; fileRef = 04913CD424DAC670006F84EE /* AppDelegate.swift */; };
		04913CD724DAC670006F84EE /* ViewController.swift in Sources */ = {isa = PBXBuildFile; fileRef = 04913CD624DAC670006F84EE /* ViewController.swift */; };
		04913CDA24DAC670006F84EE /* Main.storyboard in Resources */ = {isa = PBXBuildFile; fileRef = 04913CD824DAC670006F84EE /* Main.storyboard */; };
		04913CDC24DAC672006F84EE /* Assets.xcassets in Resources */ = {isa = PBXBuildFile; fileRef = 04913CDB24DAC672006F84EE /* Assets.xcassets */; };
		04913CDF24DAC672006F84EE /* LaunchScreen.storyboard in Resources */ = {isa = PBXBuildFile; fileRef = 04913CDD24DAC672006F84EE /* LaunchScreen.storyboard */; };
		04913CEA24DAC673006F84EE /* TodoTests.swift in Sources */ = {isa = PBXBuildFile; fileRef = 04913CE924DAC673006F84EE /* TodoTests.swift */; };
		04913CF524DAC673006F84EE /* TodoUITests.swift in Sources */ = {isa = PBXBuildFile; fileRef = 04913CF424DAC673006F84EE /* TodoUITests.swift */; };
/* End PBXBuildFile section */

/* Begin PBXContainerItemProxy section */
		04913CE624DAC672006F84EE /* PBXContainerItemProxy */ = {
			isa = PBXContainerItemProxy;
			containerPortal = 04913CC924DAC670006F84EE /* Project object */;
			proxyType = 1;
			remoteGlobalIDString = 04913CD024DAC670006F84EE;
			remoteInfo = Todo;
		};
		04913CF124DAC673006F84EE /* PBXContainerItemProxy */ = {
			isa = PBXContainerItemProxy;
			containerPortal = 04913CC924DAC670006F84EE /* Project object */;
			proxyType = 1;
			remoteGlobalIDString = 04913CD024DAC670006F84EE;
			remoteInfo = Todo;
		};
/* End PBXContainerItemProxy section */

/* Begin PBXFileReference section */
		04913CD124DAC670006F84EE /* Todo.app */ = {isa = PBXFileReference; explicitFileType = wrapper.application; includeInIndex = 0; path = Todo.app; sourceTree = BUILT_PRODUCTS_DIR; };
		04913CD424DAC670006F84EE /* AppDelegate.swift */ = {isa = PBXFileReference; lastKnownFileType = sourcecode.swift; path = AppDelegate.swift; sourceTree = "<group>"; };
		04913CD624DAC670006F84EE /* ViewController.swift */ = {isa = PBXFileReference; lastKnownFileType = sourcecode.swift; path = ViewController.swift; sourceTree = "<group>"; };
		04913CD924DAC670006F84EE /* Base */ = {isa = PBXFileReference; lastKnownFileType = file.storyboard; name = Base; path = Base.lproj/Main.storyboard; sourceTree = "<group>"; };
		04913CDB24DAC672006F84EE /* Assets.xcassets */ = {isa = PBXFileReference; lastKnownFileType = folder.assetcatalog; path = Assets.xcassets; sourceTree = "<group>"; };
		04913CDE24DAC672006F84EE /* Base */ = {isa = PBXFileReference; lastKnownFileType = file.storyboard; name = Base; path = Base.lproj/LaunchScreen.storyboard; sourceTree = "<group>"; };
		04913CE024DAC672006F84EE /* Info.plist */ = {isa = PBXFileReference; lastKnownFileType = text.plist.xml; path = Info.plist; sourceTree = "<group>"; };
		04913CE524DAC672006F84EE /* TodoTests.xctest */ = {isa = PBXFileReference; explicitFileType = wrapper.cfbundle; includeInIndex = 0; path = TodoTests.xctest; sourceTree = BUILT_PRODUCTS_DIR; };
		04913CE924DAC673006F84EE /* TodoTests.swift */ = {isa = PBXFileReference; lastKnownFileType = sourcecode.swift; path = TodoTests.swift; sourceTree = "<group>"; };
		04913CEB24DAC673006F84EE /* Info.plist */ = {isa = PBXFileReference; lastKnownFileType = text.plist.xml; path = Info.plist; sourceTree = "<group>"; };
		04913CF024DAC673006F84EE /* TodoUITests.xctest */ = {isa = PBXFileReference; explicitFileType = wrapper.cfbundle; includeInIndex = 0; path = TodoUITests.xctest; sourceTree = BUILT_PRODUCTS_DIR; };
		04913CF424DAC673006F84EE /* TodoUITests.swift */ = {isa = PBXFileReference; lastKnownFileType = sourcecode.swift; path = TodoUITests.swift; sourceTree = "<group>"; };
		04913CF624DAC673006F84EE /* Info.plist */ = {isa = PBXFileReference; lastKnownFileType = text.plist.xml; path = Info.plist; sourceTree = "<group>"; };
/* End PBXFileReference section */

/* Begin PBXFrameworksBuildPhase section */
		04913CCE24DAC670006F84EE /* Frameworks */ = {
			isa = PBXFrameworksBuildPhase;
			buildActionMask = 2147483647;
			files = (
			);
			runOnlyForDeploymentPostprocessing = 0;
		};
		04913CE224DAC672006F84EE /* Frameworks */ = {
			isa = PBXFrameworksBuildPhase;
			buildActionMask = 2147483647;
			files = (
			);
			runOnlyForDeploymentPostprocessing = 0;
		};
		04913CED24DAC673006F84EE /* Frameworks */ = {
			isa = PBXFrameworksBuildPhase;
			buildActionMask = 2147483647;
			files = (
			);
			runOnlyForDeploymentPostprocessing = 0;
		};
/* End PBXFrameworksBuildPhase section */

/* Begin PBXGroup section */
		04913CC824DAC670006F84EE = {
			isa = PBXGroup;
			children = (
				04913CD324DAC670006F84EE /* Todo */,
				04913CE824DAC673006F84EE /* TodoTests */,
				04913CF324DAC673006F84EE /* TodoUITests */,
				04913CD224DAC670006F84EE /* Products */,
			);
			sourceTree = "<group>";
		};
		04913CD224DAC670006F84EE /* Products */ = {
			isa = PBXGroup;
			children = (
				04913CD124DAC670006F84EE /* Todo.app */,
				04913CE524DAC672006F84EE /* TodoTests.xctest */,
				04913CF024DAC673006F84EE /* TodoUITests.xctest */,
			);
			name = Products;
			sourceTree = "<group>";
		};
		04913CD324DAC670006F84EE /* Todo */ = {
			isa = PBXGroup;
			children = (
				04913CD424DAC670006F84EE /* AppDelegate.swift */,
				04913CD624DAC670006F84EE /* ViewController.swift */,
				04913CD824DAC670006F84EE /* Main.storyboard */,
				04913CDB24DAC672006F84EE /* Assets.xcassets */,
				04913CDD24DAC672006F84EE /* LaunchScreen.storyboard */,
				04913CE024DAC672006F84EE /* Info.plist */,
			);
			path = Todo;
			sourceTree = "<group>";
		};
		04913CE824DAC673006F84EE /* TodoTests */ = {
			isa = PBXGroup;
			children = (
				04913CE924DAC673006F84EE /* TodoTests.swift */,
				04913CEB24DAC673006F84EE /* Info.plist */,
			);
			path = TodoTests;
			sourceTree = "<group>";
		};
		04913CF324DAC673006F84EE /* TodoUITests */ = {
			isa = PBXGroup;
			children = (
				04913CF424DAC673006F84EE /* TodoUITests.swift */,
				04913CF624DAC673006F84EE /* Info.plist */,
			);
			path = TodoUITests;
			sourceTree = "<group>";
		};
/* End PBXGroup section */

/* Begin PBXNativeTarget section */
		04913CD024DAC670006F84EE /* Todo */ = {
			isa = PBXNativeTarget;
			buildConfigurationList = 04913CF924DAC673006F84EE /* Build configuration list for PBXNativeTarget "Todo" */;
			buildPhases = (
				04913CCD24DAC670006F84EE /* Sources */,
				04913CCE24DAC670006F84EE /* Frameworks */,
				04913CCF24DAC670006F84EE /* Resources */,
			);
			buildRules = (
			);
			dependencies = (
			);
			name = Todo;
			productName = Todo;
			productReference = 04913CD124DAC670006F84EE /* Todo.app */;
			productType = "com.apple.product-type.application";
		};
		04913CE424DAC672006F84EE /* TodoTests */ = {
			isa = PBXNativeTarget;
			buildConfigurationList = 04913CFC24DAC673006F84EE /* Build configuration list for PBXNativeTarget "TodoTests" */;
			buildPhases = (
				04913CE124DAC672006F84EE /* Sources */,
				04913CE224DAC672006F84EE /* Frameworks */,
				04913CE324DAC672006F84EE /* Resources */,
			);
			buildRules = (
			);
			dependencies = (
				04913CE724DAC672006F84EE /* PBXTargetDependency */,
			);
			name = TodoTests;
			productName = TodoTests;
			productReference = 04913CE524DAC672006F84EE /* TodoTests.xctest */;
			productType = "com.apple.product-type.bundle.unit-test";
		};
		04913CEF24DAC673006F84EE /* TodoUITests */ = {
			isa = PBXNativeTarget;
			buildConfigurationList = 04913CFF24DAC673006F84EE /* Build configuration list for PBXNativeTarget "TodoUITests" */;
			buildPhases = (
				04913CEC24DAC673006F84EE /* Sources */,
				04913CED24DAC673006F84EE /* Frameworks */,
				04913CEE24DAC673006F84EE /* Resources */,
			);
			buildRules = (
			);
			dependencies = (
				04913CF224DAC673006F84EE /* PBXTargetDependency */,
			);
			name = TodoUITests;
			productName = TodoUITests;
			productReference = 04913CF024DAC673006F84EE /* TodoUITests.xctest */;
			productType = "com.apple.product-type.bundle.ui-testing";
		};
/* End PBXNativeTarget section */

/* Begin PBXProject section */
		04913CC924DAC670006F84EE /* Project object */ = {
			isa = PBXProject;
			attributes = {
				LastSwiftUpdateCheck = 1010;
				LastUpgradeCheck = 1010;
				ORGANIZATIONNAME = Mac;
				TargetAttributes = {
					04913CD024DAC670006F84EE = {
						CreatedOnToolsVersion = 10.1;
					};
					04913CE424DAC672006F84EE = {
						CreatedOnToolsVersion = 10.1;
						TestTargetID = 04913CD024DAC670006F84EE;
					};
					04913CEF24DAC673006F84EE = {
						CreatedOnToolsVersion = 10.1;
						TestTargetID = 04913CD024DAC670006F84EE;
					};
				};
			};
			buildConfigurationList = 04913CCC24DAC670006F84EE /* Build configuration list for PBXProject "Todo" */;
			compatibilityVersion = "Xcode 9.3";
			developmentRegion = en;
			hasScannedForEncodings = 0;
			knownRegions = (
				en,
				Base,
			);
			mainGroup = 04913CC824DAC670006F84EE;
			productRefGroup = 04913CD224DAC670006F84EE /* Products */;
			projectDirPath = "";
			projectRoot = "";
			targets = (
				04913CD024DAC670006F84EE /* Todo */,
				04913CE424DAC672006F84EE /* TodoTests */,
				04913CEF24DAC673006F84EE /* TodoUITests */,
			);
		};
/* End PBXProject section */

/* Begin PBXResourcesBuildPhase section */
		04913CCF24DAC670006F84EE /* Resources */ = {
			isa = PBXResourcesBuildPhase;
			buildActionMask = 2147483647;
			files = (
				04913CDF24DAC672006F84EE /* LaunchScreen.storyboard in Resources */,
				04913CDC24DAC672006F84EE /* Assets.xcassets in Resources */,
				04913CDA24DAC670006F84EE /* Main.storyboard in Resources */,
			);
			runOnlyForDeploymentPostprocessing = 0;
		};
		04913CE324DAC672006F84EE /* Resources */ = {
			isa = PBXResourcesBuildPhase;
			buildActionMask = 2147483647;
			files = (
			);
			runOnlyForDeploymentPostprocessing = 0;
		};
		04913CEE24DAC673006F84EE /* Resources */ = {
			isa = PBXResourcesBuildPhase;
			buildActionMask = 2147483647;
			files = (
			);
			runOnlyForDeploymentPostprocessing = 0;
		};
/* End PBXResourcesBuildPhase section */

/* Begin PBXSourcesBuildPhase section */
		04913CCD24DAC670006F84EE /* Sources */ = {
			isa = PBXSourcesBuildPhase;
			buildActionMask = 2147483647;
			files = (
				04913CD724DAC670006F84EE /* ViewController.swift in Sources */,
				04913CD524DAC670006F84EE /* AppDelegate.swift in Sources */,
			);
			runOnlyForDeploymentPostprocessing = 0;
		};
		04913CE124DAC672006F84EE /* Sources */ = {
			isa = PBXSourcesBuildPhase;
			buildActionMask = 2147483647;
			files = (
				04913CEA24DAC673006F84EE /* TodoTests.swift in Sources */,
			);
			runOnlyForDeploymentPostprocessing = 0;
		};
		04913CEC24DAC673006F84EE /* Sources */ = {
			isa = PBXSourcesBuildPhase;
			buildActionMask = 2147483647;
			files = (
				04913CF524DAC673006F84EE /* TodoUITests.swift in Sources */,
			);
			runOnlyForDeploymentPostprocessing = 0;
		};
/* End PBXSourcesBuildPhase section */

/* Begin PBXTargetDependency section */
		04913CE724DAC672006F84EE /* PBXTargetDependency */ = {
			isa = PBXTargetDependency;
			target = 04913CD024DAC670006F84EE /* Todo */;
			targetProxy = 04913CE624DAC672006F84EE /* PBXContainerItemProxy */;
		};
		04913CF224DAC673006F84EE /* PBXTargetDependency */ = {
			isa = PBXTargetDependency;
			target = 04913CD024DAC670006F84EE /* Todo */;
			targetProxy = 04913CF124DAC673006F84EE /* PBXContainerItemProxy */;
		};
/* End PBXTargetDependency section */

/* Begin PBXVariantGroup section */
		04913CD824DAC670006F84EE /* Main.storyboard */ = {
			isa = PBXVariantGroup;
			children = (
				04913CD924DAC670006F84EE /* Base */,
			);
			name = Main.storyboard;
			sourceTree = "<group>";
		};
		04913CDD24DAC672006F84EE /* LaunchScreen.storyboard */ = {
			isa = PBXVariantGroup;
			children = (
				04913CDE24DAC672006F84EE /* Base */,
			);
			name = LaunchScreen.storyboard;
			sourceTree = "<group>";
		};
/* End PBXVariantGroup section */

/* Begin XCBuildConfiguration section */
		04913CF724DAC673006F84EE /* Debug */ = {
			isa = XCBuildConfiguration;
			buildSettings = {
				ALWAYS_SEARCH_USER_PATHS = NO;
				CLANG_ANALYZER_NONNULL = YES;
				CLANG_ANALYZER_NUMBER_OBJECT_CONVERSION = YES_AGGRESSIVE;
				CLANG_CXX_LANGUAGE_STANDARD = "gnu++14";
				CLANG_CXX_LIBRARY = "libc++";
				CLANG_ENABLE_MODULES = YES;
				CLANG_ENABLE_OBJC_ARC = YES;
				CLANG_ENABLE_OBJC_WEAK = YES;
				CLANG_WARN_BLOCK_CAPTURE_AUTORELEASING = YES;
				CLANG_WARN_BOOL_CONVERSION = YES;
				CLANG_WARN_COMMA = YES;
				CLANG_WARN_CONSTANT_CONVERSION = YES;
				CLANG_WARN_DEPRECATED_OBJC_IMPLEMENTATIONS = YES;
				CLANG_WARN_DIRECT_OBJC_ISA_USAGE = YES_ERROR;
				CLANG_WARN_DOCUMENTATION_COMMENTS = YES;
				CLANG_WARN_EMPTY_BODY = YES;
				CLANG_WARN_ENUM_CONVERSION = YES;
				CLANG_WARN_INFINITE_RECURSION = YES;
				CLANG_WARN_INT_CONVERSION = YES;
				CLANG_WARN_NON_LITERAL_NULL_CONVERSION = YES;
				CLANG_WARN_OBJC_IMPLICIT_RETAIN_SELF = YES;
				CLANG_WARN_OBJC_LITERAL_CONVERSION = YES;
				CLANG_WARN_OBJC_ROOT_CLASS = YES_ERROR;
				CLANG_WARN_RANGE_LOOP_ANALYSIS = YES;
				CLANG_WARN_STRICT_PROTOTYPES = YES;
				CLANG_WARN_SUSPICIOUS_MOVE = YES;
				CLANG_WARN_UNGUARDED_AVAILABILITY = YES_AGGRESSIVE;
				CLANG_WARN_UNREACHABLE_CODE = YES;
				CLANG_WARN__DUPLICATE_METHOD_MATCH = YES;
				CODE_SIGN_IDENTITY = "iPhone Developer";
				COPY_PHASE_STRIP = NO;
				DEBUG_INFORMATION_FORMAT = dwarf;
				ENABLE_STRICT_OBJC_MSGSEND = YES;
				ENABLE_TESTABILITY = YES;
				GCC_C_LANGUAGE_STANDARD = gnu11;
				GCC_DYNAMIC_NO_PIC = NO;
				GCC_NO_COMMON_BLOCKS = YES;
				GCC_OPTIMIZATION_LEVEL = 0;
				GCC_PREPROCESSOR_DEFINITIONS = (
					"DEBUG=1",
					"$(inherited)",
				);
				GCC_WARN_64_TO_32_BIT_CONVERSION = YES;
				GCC_WARN_ABOUT_RETURN_TYPE = YES_ERROR;
				GCC_WARN_UNDECLARED_SELECTOR = YES;
				GCC_WARN_UNINITIALIZED_AUTOS = YES_AGGRESSIVE;
				GCC_WARN_UNUSED_FUNCTION = YES;
				GCC_WARN_UNUSED_VARIABLE = YES;
				IPHONEOS_DEPLOYMENT_TARGET = 12.1;
				MTL_ENABLE_DEBUG_INFO = INCLUDE_SOURCE;
				MTL_FAST_MATH = YES;
				ONLY_ACTIVE_ARCH = YES;
				SDKROOT = iphoneos;
				SWIFT_ACTIVE_COMPILATION_CONDITIONS = DEBUG;
				SWIFT_OPTIMIZATION_LEVEL = "-Onone";
			};
			name = Debug;
		};
		04913CF824DAC673006F84EE /* Release */ = {
			isa = XCBuildConfiguration;
			buildSettings = {
				ALWAYS_SEARCH_USER_PATHS = NO;
				CLANG_ANALYZER_NONNULL = YES;
				CLANG_ANALYZER_NUMBER_OBJECT_CONVERSION = YES_AGGRESSIVE;
				CLANG_CXX_LANGUAGE_STANDARD = "gnu++14";
				CLANG_CXX_LIBRARY = "libc++";
				CLANG_ENABLE_MODULES = YES;
				CLANG_ENABLE_OBJC_ARC = YES;
				CLANG_ENABLE_OBJC_WEAK = YES;
				CLANG_WARN_BLOCK_CAPTURE_AUTORELEASING = YES;
				CLANG_WARN_BOOL_CONVERSION = YES;
				CLANG_WARN_COMMA = YES;
				CLANG_WARN_CONSTANT_CONVERSION = YES;
				CLANG_WARN_DEPRECATED_OBJC_IMPLEMENTATIONS = YES;
				CLANG_WARN_DIRECT_OBJC_ISA_USAGE = YES_ERROR;
				CLANG_WARN_DOCUMENTATION_COMMENTS = YES;
				CLANG_WARN_EMPTY_BODY = YES;
				CLANG_WARN_ENUM_CONVERSION = YES;
				CLANG_WARN_INFINITE_RECURSION = YES;
				CLANG_WARN_INT_CONVERSION = YES;
				CLANG_WARN_NON_LITERAL_NULL_CONVERSION = YES;
				CLANG_WARN_OBJC_IMPLICIT_RETAIN_SELF = YES;
				CLANG_WARN_OBJC_LITERAL_CONVERSION = YES;
				CLANG_WARN_OBJC_ROOT_CLASS = YES_ERROR;
				CLANG_WARN_RANGE_LOOP_ANALYSIS = YES;
				CLANG_WARN_STRICT_PROTOTYPES = YES;
				CLANG_WARN_SUSPICIOUS_MOVE = YES;
				CLANG_WARN_UNGUARDED_AVAILABILITY = YES_AGGRESSIVE;
				CLANG_WARN_UNREACHABLE_CODE = YES;
				CLANG_WARN__DUPLICATE_METHOD_MATCH = YES;
				CODE_SIGN_IDENTITY = "iPhone Developer";
				COPY_PHASE_STRIP = NO;
				DEBUG_INFORMATION_FORMAT = "dwarf-with-dsym";
				ENABLE_NS_ASSERTIONS = NO;
				ENABLE_STRICT_OBJC_MSGSEND = YES;
				GCC_C_LANGUAGE_STANDARD = gnu11;
				GCC_NO_COMMON_BLOCKS = YES;
				GCC_WARN_64_TO_32_BIT_CONVERSION = YES;
				GCC_WARN_ABOUT_RETURN_TYPE = YES_ERROR;
				GCC_WARN_UNDECLARED_SELECTOR = YES;
				GCC_WARN_UNINITIALIZED_AUTOS = YES_AGGRESSIVE;
				GCC_WARN_UNUSED_FUNCTION = YES;
				GCC_WARN_UNUSED_VARIABLE = YES;
				IPHONEOS_DEPLOYMENT_TARGET = 12.1;
				MTL_ENABLE_DEBUG_INFO = NO;
				MTL_FAST_MATH = YES;
				SDKROOT = iphoneos;
				SWIFT_COMPILATION_MODE = wholemodule;
				SWIFT_OPTIMIZATION_LEVEL = "-O";
				VALIDATE_PRODUCT = YES;
			};
			name = Release;
		};
		04913CFA24DAC673006F84EE /* Debug */ = {
			isa = XCBuildConfiguration;
			buildSettings = {
				ASSETCATALOG_COMPILER_APPICON_NAME = AppIcon;
				CODE_SIGN_STYLE = Automatic;
				INFOPLIST_FILE = Todo/Info.plist;
				LD_RUNPATH_SEARCH_PATHS = (
					"$(inherited)",
					"@executable_path/Frameworks",
				);
				PRODUCT_BUNDLE_IDENTIFIER = kavita.Todo;
				PRODUCT_NAME = "$(TARGET_NAME)";
				SWIFT_VERSION = 4.2;
				TARGETED_DEVICE_FAMILY = "1,2";
			};
			name = Debug;
		};
		04913CFB24DAC673006F84EE /* Release */ = {
			isa = XCBuildConfiguration;
			buildSettings = {
				ASSETCATALOG_COMPILER_APPICON_NAME = AppIcon;
				CODE_SIGN_STYLE = Automatic;
				INFOPLIST_FILE = Todo/Info.plist;
				LD_RUNPATH_SEARCH_PATHS = (
					"$(inherited)",
					"@executable_path/Frameworks",
				);
				PRODUCT_BUNDLE_IDENTIFIER = kavita.Todo;
				PRODUCT_NAME = "$(TARGET_NAME)";
				SWIFT_VERSION = 4.2;
				TARGETED_DEVICE_FAMILY = "1,2";
			};
			name = Release;
		};
		04913CFD24DAC673006F84EE /* Debug */ = {
			isa = XCBuildConfiguration;
			buildSettings = {
				ALWAYS_EMBED_SWIFT_STANDARD_LIBRARIES = YES;
				BUNDLE_LOADER = "$(TEST_HOST)";
				CODE_SIGN_STYLE = Automatic;
				INFOPLIST_FILE = TodoTests/Info.plist;
				LD_RUNPATH_SEARCH_PATHS = (
					"$(inherited)",
					"@executable_path/Frameworks",
					"@loader_path/Frameworks",
				);
				PRODUCT_BUNDLE_IDENTIFIER = kavita.TodoTests;
				PRODUCT_NAME = "$(TARGET_NAME)";
				SWIFT_VERSION = 4.2;
				TARGETED_DEVICE_FAMILY = "1,2";
				TEST_HOST = "$(BUILT_PRODUCTS_DIR)/Todo.app/Todo";
			};
			name = Debug;
		};
		04913CFE24DAC673006F84EE /* Release */ = {
			isa = XCBuildConfiguration;
			buildSettings = {
				ALWAYS_EMBED_SWIFT_STANDARD_LIBRARIES = YES;
				BUNDLE_LOADER = "$(TEST_HOST)";
				CODE_SIGN_STYLE = Automatic;
				INFOPLIST_FILE = TodoTests/Info.plist;
				LD_RUNPATH_SEARCH_PATHS = (
					"$(inherited)",
					"@executable_path/Frameworks",
					"@loader_path/Frameworks",
				);
				PRODUCT_BUNDLE_IDENTIFIER = kavita.TodoTests;
				PRODUCT_NAME = "$(TARGET_NAME)";
				SWIFT_VERSION = 4.2;
				TARGETED_DEVICE_FAMILY = "1,2";
				TEST_HOST = "$(BUILT_PRODUCTS_DIR)/Todo.app/Todo";
			};
			name = Release;
		};
		04913D0024DAC673006F84EE /* Debug */ = {
			isa = XCBuildConfiguration;
			buildSettings = {
				ALWAYS_EMBED_SWIFT_STANDARD_LIBRARIES = YES;
				CODE_SIGN_STYLE = Automatic;
				INFOPLIST_FILE = TodoUITests/Info.plist;
				LD_RUNPATH_SEARCH_PATHS = (
					"$(inherited)",
					"@executable_path/Frameworks",
					"@loader_path/Frameworks",
				);
				PRODUCT_BUNDLE_IDENTIFIER = kavita.TodoUITests;
				PRODUCT_NAME = "$(TARGET_NAME)";
				SWIFT_VERSION = 4.2;
				TARGETED_DEVICE_FAMILY = "1,2";
				TEST_TARGET_NAME = Todo;
			};
			name = Debug;
		};
		04913D0124DAC673006F84EE /* Release */ = {
			isa = XCBuildConfiguration;
			buildSettings = {
				ALWAYS_EMBED_SWIFT_STANDARD_LIBRARIES = YES;
				CODE_SIGN_STYLE = Automatic;
				INFOPLIST_FILE = TodoUITests/Info.plist;
				LD_RUNPATH_SEARCH_PATHS = (
					"$(inherited)",
					"@executable_path/Frameworks",
					"@loader_path/Frameworks",
				);
				PRODUCT_BUNDLE_IDENTIFIER = kavita.TodoUITests;
				PRODUCT_NAME = "$(TARGET_NAME)";
				SWIFT_VERSION = 4.2;
				TARGETED_DEVICE_FAMILY = "1,2";
				TEST_TARGET_NAME = Todo;
			};
			name = Release;
		};
/* End XCBuildConfiguration section */

/* Begin XCConfigurationList section */
		04913CCC24DAC670006F84EE /* Build configuration list for PBXProject "Todo" */ = {
			isa = XCConfigurationList;
			buildConfigurations = (
				04913CF724DAC673006F84EE /* Debug */,
				04913CF824DAC673006F84EE /* Release */,
			);
			defaultConfigurationIsVisible = 0;
			defaultConfigurationName = Release;
		};
		04913CF924DAC673006F84EE /* Build configuration list for PBXNativeTarget "Todo" */ = {
			isa = XCConfigurationList;
			buildConfigurations = (
				04913CFA24DAC673006F84EE /* Debug */,
				04913CFB24DAC673006F84EE /* Release */,
			);
			defaultConfigurationIsVisible = 0;
			defaultConfigurationName = Release;
		};
		04913CFC24DAC673006F84EE /* Build configuration list for PBXNativeTarget "TodoTests" */ = {
			isa = XCConfigurationList;
			buildConfigurations = (
				04913CFD24DAC673006F84EE /* Debug */,
				04913CFE24DAC673006F84EE /* Release */,
			);
			defaultConfigurationIsVisible = 0;
			defaultConfigurationName = Release;
		};
		04913CFF24DAC673006F84EE /* Build configuration list for PBXNativeTarget "TodoUITests" */ = {
			isa = XCConfigurationList;
			buildConfigurations = (
				04913D0024DAC673006F84EE /* Debug */,
				04913D0124DAC673006F84EE /* Release */,
			);
			defaultConfigurationIsVisible = 0;
			defaultConfigurationName = Release;
		};
/* End XCConfigurationList section */
	};
	rootObject = 04913CC924DAC670006F84EE /* Project object */;
}
